
Microsoft Visual Studio Solution File, Format Version 12.00
# Visual Studio 15
VisualStudioVersion = 15.0.28307.106
MinimumVisualStudioVersion = 10.0.40219.1
Project("{FAE04EC0-301F-11D3-BF4B-00C04F79EFBC}") = "BangumiX", "BangumiX\BangumiX.csproj", "{83C98305-9B15-4639-962E-9CE8C86A3D11}"
EndProject
Global
	GlobalSection(SolutionConfigurationPlatforms) = preSolution
		Debug|x64 = Debug|x64
		Release|x64 = Release|x64
	EndGlobalSection
	GlobalSection(ProjectConfigurationPlatforms) = postSolution
		{83C98305-9B15-4639-962E-9CE8C86A3D11}.Debug|x64.ActiveCfg = Debug|x64
		{83C98305-9B15-4639-962E-9CE8C86A3D11}.Debug|x64.Build.0 = Debug|x64
		{83C98305-9B15-4639-962E-9CE8C86A3D11}.Release|x64.ActiveCfg = Release|Any CPU
		{83C98305-9B15-4639-962E-9CE8C86A3D11}.Release|x64.Build.0 = Release|Any CPU
	EndGlobalSection
	GlobalSection(SolutionProperties) = preSolution
		HideSolutionNode = FALSE
	EndGlobalSection
	GlobalSection(ExtensibilityGlobals) = postSolution
		SolutionGuid = {C0E64B21-5E96-48D4-BFF2-81D1ED6F2BE0}
	EndGlobalSection
EndGlobal
